
Microsoft Visual Studio Solution File, Format Version 12.00
# Visual Studio Version 17
VisualStudioVersion = 17.0.31903.59
MinimumVisualStudioVersion = 10.0.40219.1
Project("{FAE04EC0-301F-11D3-BF4B-00C04F79EFBC}") = "DataLayer", "DataLayer\DataLayer.csproj", "{F48F44D4-8D31-421F-A34B-5194B89169A5}"
EndProject
Project("{FAE04EC0-301F-11D3-BF4B-00C04F79EFBC}") = "Runner", "..\Runner\Runner.csproj", "{6334091F-3DAA-43EA-9E31-86EFFAE0436B}"
EndProject
Global
	GlobalSection(SolutionConfigurationPlatforms) = preSolution
		Debug|Any CPU = Debug|Any CPU
		Release|Any CPU = Release|Any CPU
	EndGlobalSection
	GlobalSection(ProjectConfigurationPlatforms) = postSolution
		{F48F44D4-8D31-421F-A34B-5194B89169A5}.Debug|Any CPU.ActiveCfg = Debug|Any CPU
		{F48F44D4-8D31-421F-A34B-5194B89169A5}.Debug|Any CPU.Build.0 = Debug|Any CPU
		{F48F44D4-8D31-421F-A34B-5194B89169A5}.Release|Any CPU.ActiveCfg = Release|Any CPU
		{F48F44D4-8D31-421F-A34B-5194B89169A5}.Release|Any CPU.Build.0 = Release|Any CPU
		{6334091F-3DAA-43EA-9E31-86EFFAE0436B}.Debug|Any CPU.ActiveCfg = Debug|Any CPU
		{6334091F-3DAA-43EA-9E31-86EFFAE0436B}.Debug|Any CPU.Build.0 = Debug|Any CPU
		{6334091F-3DAA-43EA-9E31-86EFFAE0436B}.Release|Any CPU.ActiveCfg = Release|Any CPU
		{6334091F-3DAA-43EA-9E31-86EFFAE0436B}.Release|Any CPU.Build.0 = Release|Any CPU
	EndGlobalSection
	GlobalSection(SolutionProperties) = preSolution
		HideSolutionNode = FALSE
	EndGlobalSection
	GlobalSection(ExtensibilityGlobals) = postSolution
		SolutionGuid = {319679AE-3446-4AD5-94BA-F6A617DC4623}
	EndGlobalSection
EndGlobal
